<?xml version="1.0" encoding="utf-8"?>
<Project ToolsVersion="4.0" xmlns="http://schemas.microsoft.com/developer/msbuild/2003">
  <ItemGroup>
    <Filter Include="Headers">
      <UniqueIdentifier>{9c61dfd6-0349-4d34-9157-b12e77c72c0a}</UniqueIdentifier>
    </Filter>
    <Filter Include="Sources">
      <UniqueIdentifier>{86fdf8cf-b319-4976-9402-b291f6da82ba}</UniqueIdentifier>
    </Filter>
    <Filter Include="Headers\IO">
      <UniqueIdentifier>{88546d16-811a-466c-9fa4-418fdd874483}</UniqueIdentifier>
    </Filter>
    <Filter Include="Sources\IO">
      <UniqueIdentifier>{d60f486d-1193-4b30-85be-871656906571}</UniqueIdentifier>
    </Filter>
    <Filter Include="Headers\Logging">
      <UniqueIdentifier>{8442a525-e7ec-42fc-b19e-e895c0a0f12f}</UniqueIdentifier>
    </Filter>
    <Filter Include="Sources\Logging">
      <UniqueIdentifier>{d1451b67-659e-474d-b4b8-ef3ce98bac4e}</UniqueIdentifier>
    </Filter>
    <Filter Include="Headers\Plugin">
      <UniqueIdentifier>{fd511bb2-0136-4900-be7f-e26bd5146478}</UniqueIdentifier>
    </Filter>
    <Filter Include="Sources\Plugin">
      <UniqueIdentifier>{8913e6a5-7df9-4576-a818-53b487aa15b8}</UniqueIdentifier>
    </Filter>
    <Filter Include="Sources\Containers">
      <UniqueIdentifier>{aadf85d8-7958-4eb4-8b6d-711d8ed4c2d3}</UniqueIdentifier>
    </Filter>
    <Filter Include="Headers\Containers">
      <UniqueIdentifier>{89cc2e81-736b-48f1-b907-e003ca04f4f8}</UniqueIdentifier>
    </Filter>
    <Filter Include="Headers\Functionality">
      <UniqueIdentifier>{2d062e0b-1d1b-4762-9b23-e29b748d83d1}</UniqueIdentifier>
    </Filter>
    <Filter Include="Headers\Filesystem">
      <UniqueIdentifier>{5e3ba030-3d1d-46c2-946f-19b9e0107ac4}</UniqueIdentifier>
    </Filter>
    <Filter Include="Sources\Filesystem">
      <UniqueIdentifier>{db5759f0-49ff-4d40-94f6-8f5a2950d368}</UniqueIdentifier>
    </Filter>
    <Filter Include="Sources\Utils">
      <UniqueIdentifier>{41700846-597b-492f-8ead-eabfdd62f0e1}</UniqueIdentifier>
    </Filter>
    <Filter Include="Headers\Utils">
      <UniqueIdentifier>{30a892bf-da44-44d2-a5c2-bf833ee81f2e}</UniqueIdentifier>
    </Filter>
  </ItemGroup>
  <ItemGroup>
    <ClInclude Include="include\libnao.h">
      <Filter>Headers</Filter>
    </ClInclude>
    <ClInclude Include="include\IO\NaoMemoryIO.h">
      <Filter>Headers\IO</Filter>
    </ClInclude>
    <ClInclude Include="include\Logging\NaoLogging.h">
      <Filter>Headers\Logging</Filter>
    </ClInclude>
    <ClInclude Include="include\IO\NaoIO.h">
      <Filter>Headers\IO</Filter>
    </ClInclude>
    <ClInclude Include="include\Containers\NaoBytes.h">
      <Filter>Headers\Containers</Filter>
    </ClInclude>
    <ClInclude Include="include\NaoObject.h">
      <Filter>Headers</Filter>
    </ClInclude>
    <ClInclude Include="include\Plugin\NaoPlugin.h">
      <Filter>Headers\Plugin</Filter>
    </ClInclude>
    <ClInclude Include="include\Containers\NaoString.h">
      <Filter>Headers\Containers</Filter>
    </ClInclude>
    <ClInclude Include="include\Containers\NaoPair.h">
      <Filter>Headers\Containers</Filter>
    </ClInclude>
    <ClInclude Include="include\Containers\NaoVector.h">
      <Filter>Headers\Containers</Filter>
    </ClInclude>
    <ClInclude Include="include\Functionality\NaoMath.h">
      <Filter>Headers\Functionality</Filter>
    </ClInclude>
    <ClInclude Include="include\Plugin\NaoPluginManager.h">
      <Filter>Headers\Plugin</Filter>
    </ClInclude>
    <ClInclude Include="include\Filesystem\NaoFileSystemManager.h">
      <Filter>Headers\Filesystem</Filter>
    </ClInclude>
    <ClInclude Include="include\Filesystem\Filesystem.h">
      <Filter>Headers\Filesystem</Filter>
    </ClInclude>
    <ClInclude Include="include\IO\NaoFileIO.h">
      <Filter>Headers\IO</Filter>
    </ClInclude>
    <ClInclude Include="include\Utils\SteamUtils.h">
      <Filter>Headers\Utils</Filter>
    </ClInclude>
    <ClInclude Include="include\Utils\vdf_parser.hpp">
      <Filter>Headers\Utils</Filter>
    </ClInclude>
    <ClInclude Include="include\Utils\DesktopUtils.h">
      <Filter>Headers\Utils</Filter>
    </ClInclude>
  </ItemGroup>
  <ItemGroup>
    <ClCompile Include="src\libnao.cpp">
      <Filter>Sources</Filter>
    </ClCompile>
    <ClCompile Include="src\IO\NaoMemoryIO.cpp">
      <Filter>Sources\IO</Filter>
    </ClCompile>
    <ClCompile Include="src\Logging\NaoLogging.cpp">
      <Filter>Sources\Logging</Filter>
    </ClCompile>
    <ClCompile Include="src\Plugin\NaoPluginManager.cpp">
      <Filter>Sources\Plugin</Filter>
    </ClCompile>
    <ClCompile Include="src\IO\NaoIO.cpp">
      <Filter>Sources\IO</Filter>
    </ClCompile>
    <ClCompile Include="src\Containers\NaoBytes.cpp">
      <Filter>Sources\Containers</Filter>
    </ClCompile>
    <ClCompile Include="src\NaoObject.cpp">
      <Filter>Sources</Filter>
    </ClCompile>
    <ClCompile Include="src\Plugin\NaoPlugin.cpp">
      <Filter>Sources\Plugin</Filter>
    </ClCompile>
    <ClCompile Include="src\Filesystem\NaoFileSystemManager.cpp">
      <Filter>Sources\Filesystem</Filter>
    </ClCompile>
    <ClCompile Include="src\IO\NaoFileIO.cpp">
      <Filter>Sources\IO</Filter>
    </ClCompile>
    <ClCompile Include="src\Utils\SteamUtils.cpp">
      <Filter>Sources\Utils</Filter>
    </ClCompile>
    <ClCompile Include="src\Containers\NaoString.cpp">
      <Filter>Sources\Containers</Filter>
    </ClCompile>
    <ClCompile Include="src\Utils\DesktopUtils.cpp">
      <Filter>Sources\Utils</Filter>
    </ClCompile>
  </ItemGroup>
  <ItemGroup>
    <None Include="libnao.licenseheader" />
  </ItemGroup>
</Project>