<?xml version="1.0" encoding="utf-8"?>
<Project ToolsVersion="4.0" xmlns="http://schemas.microsoft.com/developer/msbuild/2003">
  <ItemGroup>
    <Filter Include="Source Files">
      <UniqueIdentifier>{4FC737F1-C7A5-4376-A066-2A32D752A2FF}</UniqueIdentifier>
      <Extensions>cpp;c;cc;cxx;def;odl;idl;hpj;bat;asm;asmx</Extensions>
    </Filter>
    <Filter Include="Header Files">
      <UniqueIdentifier>{93995380-89BD-4b04-88EB-625FBE52EBFB}</UniqueIdentifier>
      <Extensions>h;hh;hpp;hxx;hm;inl;inc;xsd</Extensions>
    </Filter>
    <Filter Include="Resource Files">
      <UniqueIdentifier>{D9D6E242-F8AF-46E4-B9FD-80ECBC20BA3E}</UniqueIdentifier>
      <Extensions>qrc;*</Extensions>
      <ParseFiles>false</ParseFiles>
    </Filter>
    <Filter Include="Form Files">
      <UniqueIdentifier>{99349809-55BA-4b9d-BF79-8FDBB0286EB3}</UniqueIdentifier>
      <Extensions>ui</Extensions>
    </Filter>
    <Filter Include="Resource Files">
      <UniqueIdentifier>{D9D6E242-F8AF-46E4-B9FD-80ECBC20BA3E}</UniqueIdentifier>
      <Extensions>qrc;*</Extensions>
      <ParseFiles>false</ParseFiles>
    </Filter>
    <Filter Include="Generated Files">
      <UniqueIdentifier>{71ED8ED8-ACB9-4CE9-BBE1-E00B30144E11}</UniqueIdentifier>
      <Extensions>moc;h;cpp</Extensions>
      <SourceControlFiles>False</SourceControlFiles>
    </Filter>
    <Filter Include="Header Files\Utils">
      <UniqueIdentifier>{acf6fa63-3251-4e8d-99ce-a19d5cf13800}</UniqueIdentifier>
    </Filter>
    <Filter Include="Source Files\Utils">
      <UniqueIdentifier>{a51d2c7e-6945-4ca7-9648-467838a166e1}</UniqueIdentifier>
    </Filter>
    <Filter Include="Header Files\Entities">
      <UniqueIdentifier>{aa612147-993f-43ce-8a3f-129bef66070a}</UniqueIdentifier>
    </Filter>
    <Filter Include="Source Files\Entities">
      <UniqueIdentifier>{cf0ef44c-4aae-4406-aef5-6055ffc7c754}</UniqueIdentifier>
    </Filter>
    <Filter Include="Header Files\Entities\Archives">
      <UniqueIdentifier>{eaecc6ed-5747-4b78-8bc1-57f472674f74}</UniqueIdentifier>
    </Filter>
    <Filter Include="Source Files\Entities\Archives">
      <UniqueIdentifier>{4a4a3fa9-edb2-4e8c-ab7a-adf4817748c9}</UniqueIdentifier>
    </Filter>
    <Filter Include="Header Files\Decoding">
      <UniqueIdentifier>{c018ff01-89e1-4a7a-a95a-1b2897949bad}</UniqueIdentifier>
    </Filter>
    <Filter Include="Source Files\Decoding">
      <UniqueIdentifier>{4398dff9-1057-44fd-b55e-e02c5860efec}</UniqueIdentifier>
    </Filter>
    <Filter Include="Header Files\Wrappers">
      <UniqueIdentifier>{5e243e3e-dbb7-49a8-a6ad-3ab51efde7d2}</UniqueIdentifier>
    </Filter>
    <Filter Include="Source Files\Wrappers">
      <UniqueIdentifier>{cefe2010-72a7-43e0-9127-aa316b6a2851}</UniqueIdentifier>
    </Filter>
  </ItemGroup>
  <ItemGroup>
    <ClCompile Include="src\Decoding\AV_WWRIFF.cpp">
      <Filter>Source Files\Decoding</Filter>
    </ClCompile>
    <ClCompile Include="src\Wrappers\ChunkBasedFile.cpp">
      <Filter>Source Files\Wrappers</Filter>
    </ClCompile>
    <ClCompile Include="src\Utils\BinaryUtils.cpp">
      <Filter>Source Files\Utils</Filter>
    </ClCompile>
    <ClCompile Include="src\Utils\Utils.cpp">
      <Filter>Source Files\Utils</Filter>
    </ClCompile>
    <ClCompile Include="src\Archives\CPKReader.cpp">
      <Filter>Source Files\Entities\Archives</Filter>
    </ClCompile>
    <ClCompile Include="src\Archives\DATReader.cpp">
      <Filter>Source Files\Entities\Archives</Filter>
    </ClCompile>
    <ClCompile Include="src\Archives\SequencedFileReader.cpp">
      <Filter>Source Files\Entities\Archives</Filter>
    </ClCompile>
    <ClCompile Include="src\Archives\UTFReader.cpp">
      <Filter>Source Files\Entities\Archives</Filter>
    </ClCompile>
    <ClCompile Include="src\Decoding\Decompression.cpp">
      <Filter>Source Files\Decoding</Filter>
    </ClCompile>
    <ClCompile Include="src\Decoding\AV_Image.cpp">
      <Filter>Source Files\Decoding</Filter>
    </ClCompile>
    <ClCompile Include="src\main.cpp">
      <Filter>Source Files</Filter>
    </ClCompile>
    <ClCompile Include="src\NaoFSP.cpp">
      <Filter>Source Files</Filter>
    </ClCompile>
    <ClCompile Include="src\NaoQt.cpp">
      <Filter>Source Files</Filter>
    </ClCompile>
    <ClCompile Include="src\NaoEntity.cpp">
      <Filter>Source Files\Entities</Filter>
    </ClCompile>
    <ClCompile Include="src\Decoding\AV_WWPCM.cpp">
      <Filter>Source Files\Decoding</Filter>
    </ClCompile>
    <ClCompile Include="src\Archives\USMReader.cpp">
      <Filter>Source Files\Entities\Archives</Filter>
    </ClCompile>
    <ClCompile Include="src\NaoEntityWorker.cpp">
      <Filter>Source Files\Entities</Filter>
    </ClCompile>
    <ClCompile Include="src\Decoding\AV_ADX.cpp">
      <Filter>Source Files\Decoding</Filter>
    </ClCompile>
    <ClCompile Include="src\Decoding\DirectX.cpp">
      <Filter>Source Files\Decoding</Filter>
    </ClCompile>
  </ItemGroup>
  <ItemGroup>
    <QtMoc Include="include\NaoFSP.h">
      <Filter>Header Files</Filter>
    </QtMoc>
    <QtMoc Include="include\NaoQt.h">
      <Filter>Header Files</Filter>
    </QtMoc>
    <QtMoc Include="include\ChunkBasedFile.h">
      <Filter>Header Files\Wrappers</Filter>
    </QtMoc>
    <QtMoc Include="include\UTFReader.h">
      <Filter>Header Files\Entities\Archives</Filter>
    </QtMoc>
    <QtMoc Include="include\NaoEntityWorker.h">
      <Filter>Header Files\Entities</Filter>
    </QtMoc>
  </ItemGroup>
  <ItemGroup>
    <ResourceCompile Include="NaoQt.rc">
      <Filter>Resource Files</Filter>
    </ResourceCompile>
  </ItemGroup>
  <ItemGroup>
    <ClInclude Include="include\BinaryUtils.h">
      <Filter>Header Files\Utils</Filter>
    </ClInclude>
    <ClInclude Include="include\Error.h">
      <Filter>Header Files\Utils</Filter>
    </ClInclude>
    <ClInclude Include="include\Utils.h">
      <Filter>Header Files\Utils</Filter>
    </ClInclude>
    <ClInclude Include="include\CPKReader.h">
      <Filter>Header Files\Entities\Archives</Filter>
    </ClInclude>
    <ClInclude Include="include\DATReader.h">
      <Filter>Header Files\Entities\Archives</Filter>
    </ClInclude>
    <ClInclude Include="include\SequencedFileReader.h">
      <Filter>Header Files\Entities\Archives</Filter>
    </ClInclude>
    <ClInclude Include="include\AV.h">
      <Filter>Header Files\Decoding</Filter>
    </ClInclude>
    <ClInclude Include="include\Decompression.h">
      <Filter>Header Files\Decoding</Filter>
    </ClInclude>
    <ClInclude Include="include\vdf_parser.hpp">
      <Filter>Header Files\Decoding</Filter>
    </ClInclude>
    <ClInclude Include="include\AV_WWRIFF.h">
      <Filter>Header Files\Decoding</Filter>
    </ClInclude>
    <ClInclude Include="include\USMReader.h">
      <Filter>Header Files\Entities\Archives</Filter>
    </ClInclude>
    <ClInclude Include="include\NaoEntity.h">
      <Filter>Header Files\Entities</Filter>
    </ClInclude>
    <ClInclude Include="include\AV_ADX.h">
      <Filter>Header Files\Decoding</Filter>
    </ClInclude>
    <ClInclude Include="include\DirectX.h">
      <Filter>Header Files\Decoding</Filter>
    </ClInclude>
    <ClInclude Include="include\Decoding.h">
      <Filter>Header Files\Decoding</Filter>
    </ClInclude>
  </ItemGroup>
  <ItemGroup>
    <QtRcc Include="NaoQt.qrc">
      <Filter>Resource Files</Filter>
    </QtRcc>
  </ItemGroup>
</Project>