<?xml version="1.0" encoding="utf-8"?>
<Project ToolsVersion="4.0" xmlns="http://schemas.microsoft.com/developer/msbuild/2003">
  <ItemGroup>
    <Filter Include="Source Files">
      <UniqueIdentifier>{4FC737F1-C7A5-4376-A066-2A32D752A2FF}</UniqueIdentifier>
      <Extensions>cpp;c;cc;cxx;def;odl;idl;hpj;bat;asm;asmx</Extensions>
    </Filter>
    <Filter Include="Header Files">
      <UniqueIdentifier>{93995380-89BD-4b04-88EB-625FBE52EBFB}</UniqueIdentifier>
      <Extensions>h;hh;hpp;hxx;hm;inl;inc;xsd</Extensions>
    </Filter>
    <Filter Include="Resource Files">
      <UniqueIdentifier>{D9D6E242-F8AF-46E4-B9FD-80ECBC20BA3E}</UniqueIdentifier>
      <Extensions>qrc;*</Extensions>
      <ParseFiles>false</ParseFiles>
    </Filter>
    <Filter Include="Form Files">
      <UniqueIdentifier>{99349809-55BA-4b9d-BF79-8FDBB0286EB3}</UniqueIdentifier>
      <Extensions>ui</Extensions>
    </Filter>
    <Filter Include="Resource Files">
      <UniqueIdentifier>{D9D6E242-F8AF-46E4-B9FD-80ECBC20BA3E}</UniqueIdentifier>
      <Extensions>qrc;*</Extensions>
      <ParseFiles>false</ParseFiles>
    </Filter>
    <Filter Include="Generated Files">
      <UniqueIdentifier>{71ED8ED8-ACB9-4CE9-BBE1-E00B30144E11}</UniqueIdentifier>
      <Extensions>moc;h;cpp</Extensions>
      <SourceControlFiles>False</SourceControlFiles>
    </Filter>
    <Filter Include="Header Files\Decoders">
      <UniqueIdentifier>{30077c28-10eb-409e-b918-da05d4a536af}</UniqueIdentifier>
    </Filter>
    <Filter Include="Header Files\Utils">
      <UniqueIdentifier>{acf6fa63-3251-4e8d-99ce-a19d5cf13800}</UniqueIdentifier>
    </Filter>
    <Filter Include="Header Files\Wrappers">
      <UniqueIdentifier>{77526ee4-cf13-484e-94f3-ec808ae9a8bd}</UniqueIdentifier>
    </Filter>
    <Filter Include="Source Files\Decoders">
      <UniqueIdentifier>{935bd8d1-7674-4eab-8eea-5f189aa2d2e4}</UniqueIdentifier>
    </Filter>
    <Filter Include="Source Files\Utils">
      <UniqueIdentifier>{a51d2c7e-6945-4ca7-9648-467838a166e1}</UniqueIdentifier>
    </Filter>
    <Filter Include="Source Files\Wrappers">
      <UniqueIdentifier>{723c7fae-7d44-487e-b6cb-8a639333c8b4}</UniqueIdentifier>
    </Filter>
    <Filter Include="Header Files\Entities">
      <UniqueIdentifier>{aa612147-993f-43ce-8a3f-129bef66070a}</UniqueIdentifier>
    </Filter>
    <Filter Include="Source Files\Entities">
      <UniqueIdentifier>{cf0ef44c-4aae-4406-aef5-6055ffc7c754}</UniqueIdentifier>
    </Filter>
    <Filter Include="Header Files\Devices">
      <UniqueIdentifier>{310ae94b-847f-413a-a185-342dd79d9da6}</UniqueIdentifier>
    </Filter>
    <Filter Include="Source Files\Devices">
      <UniqueIdentifier>{1b82ca91-0b43-43d5-8132-2344a7e3d567}</UniqueIdentifier>
    </Filter>
    <Filter Include="Header Files\Entities\CPK">
      <UniqueIdentifier>{eaecc6ed-5747-4b78-8bc1-57f472674f74}</UniqueIdentifier>
    </Filter>
    <Filter Include="Header Files\Entities\Filesystem">
      <UniqueIdentifier>{e041464f-19ed-4a03-9aeb-0a0dd069bd85}</UniqueIdentifier>
    </Filter>
    <Filter Include="Source Files\Entities\CPK">
      <UniqueIdentifier>{4a4a3fa9-edb2-4e8c-ab7a-adf4817748c9}</UniqueIdentifier>
    </Filter>
    <Filter Include="Source Files\Entities\Filesystem">
      <UniqueIdentifier>{014e799b-b2ce-416b-8fc6-6e3918d24d92}</UniqueIdentifier>
    </Filter>
  </ItemGroup>
  <ItemGroup>
    <ClCompile Include="main.cpp">
      <Filter>Source Files</Filter>
    </ClCompile>
    <ClCompile Include="NaoQt.cpp">
      <Filter>Source Files</Filter>
    </ClCompile>
    <ClCompile Include="UTFReader.cpp">
      <Filter>Source Files\Decoders</Filter>
    </ClCompile>
    <ClCompile Include="Utils.cpp">
      <Filter>Source Files\Utils</Filter>
    </ClCompile>
    <ClCompile Include="BinaryUtils.cpp">
      <Filter>Source Files\Utils</Filter>
    </ClCompile>
    <ClCompile Include="ChunkBasedFile.cpp">
      <Filter>Source Files\Wrappers</Filter>
    </ClCompile>
    <ClCompile Include="AVConverter.cpp">
      <Filter>Source Files\Wrappers</Filter>
    </ClCompile>
    <ClCompile Include="USMDemuxer.cpp">
      <Filter>Source Files\Decoders</Filter>
    </ClCompile>
    <ClCompile Include="ADXDecoder.cpp">
      <Filter>Source Files\Decoders</Filter>
    </ClCompile>
    <ClCompile Include="AVOptionsDialog.cpp">
      <Filter>Source Files\Wrappers</Filter>
    </ClCompile>
    <ClCompile Include="CPKReader.cpp">
      <Filter>Source Files\Decoders</Filter>
    </ClCompile>
    <ClCompile Include="DATReader.cpp">
      <Filter>Source Files\Decoders</Filter>
    </ClCompile>
    <ClCompile Include="NaoFSP.cpp">
      <Filter>Source Files</Filter>
    </ClCompile>
    <ClCompile Include="DiskFileDevice.cpp">
      <Filter>Source Files\Devices</Filter>
    </ClCompile>
    <ClCompile Include="NaoEntity.cpp">
      <Filter>Source Files\Entities</Filter>
    </ClCompile>
    <ClCompile Include="NaoFileDevice.cpp">
      <Filter>Source Files\Devices</Filter>
    </ClCompile>
    <ClCompile Include="PartialFileDevice.cpp">
      <Filter>Source Files\Devices</Filter>
    </ClCompile>
    <ClCompile Include="NaoArchiveEntity.cpp">
      <Filter>Source Files\Entities</Filter>
    </ClCompile>
    <ClCompile Include="CPKArchiveEntity.cpp">
      <Filter>Source Files\Entities\CPK</Filter>
    </ClCompile>
    <ClCompile Include="CPKDirectoryEntity.cpp">
      <Filter>Source Files\Entities\CPK</Filter>
    </ClCompile>
    <ClCompile Include="CPKFileEntity.cpp">
      <Filter>Source Files\Entities\CPK</Filter>
    </ClCompile>
    <ClCompile Include="DiskFileEntity.cpp">
      <Filter>Source Files\Entities\Filesystem</Filter>
    </ClCompile>
    <ClCompile Include="DirectoryEntity.cpp">
      <Filter>Source Files\Entities\Filesystem</Filter>
    </ClCompile>
    <ClCompile Include="DATArchiveEntity.cpp">
      <Filter>Source Files</Filter>
    </ClCompile>
  </ItemGroup>
  <ItemGroup>
    <QtMoc Include="NaoQt.h">
      <Filter>Header Files</Filter>
    </QtMoc>
    <QtMoc Include="UTFReader.h">
      <Filter>Header Files\Decoders</Filter>
    </QtMoc>
    <QtMoc Include="ChunkBasedFile.h">
      <Filter>Header Files\Wrappers</Filter>
    </QtMoc>
    <QtMoc Include="AVConverter.h">
      <Filter>Header Files\Wrappers</Filter>
    </QtMoc>
    <QtMoc Include="USMDemuxer.h">
      <Filter>Header Files\Decoders</Filter>
    </QtMoc>
    <QtMoc Include="ADXDecoder.h">
      <Filter>Header Files\Decoders</Filter>
    </QtMoc>
    <QtMoc Include="AVOptionsDialog.h">
      <Filter>Header Files\Wrappers</Filter>
    </QtMoc>
    <QtMoc Include="NaoFSP.h">
      <Filter>Header Files</Filter>
    </QtMoc>
  </ItemGroup>
  <ItemGroup>
    <ResourceCompile Include="NaoQt.rc">
      <Filter>Resource Files</Filter>
    </ResourceCompile>
  </ItemGroup>
  <ItemGroup>
    <ClInclude Include="Utils.h">
      <Filter>Header Files\Utils</Filter>
    </ClInclude>
    <ClInclude Include="BinaryUtils.h">
      <Filter>Header Files\Utils</Filter>
    </ClInclude>
    <ClInclude Include="vdf_parser.hpp">
      <Filter>Header Files\Decoders</Filter>
    </ClInclude>
    <ClInclude Include="Error.h">
      <Filter>Header Files\Utils</Filter>
    </ClInclude>
    <ClInclude Include="CPKReader.h">
      <Filter>Header Files\Decoders</Filter>
    </ClInclude>
    <ClInclude Include="DATReader.h">
      <Filter>Header Files\Decoders</Filter>
    </ClInclude>
    <ClInclude Include="NaoFileDevice.h">
      <Filter>Header Files\Devices</Filter>
    </ClInclude>
    <ClInclude Include="NaoEntity.h">
      <Filter>Header Files\Entities</Filter>
    </ClInclude>
    <ClInclude Include="DiskFileDevice.h">
      <Filter>Header Files\Devices</Filter>
    </ClInclude>
    <ClInclude Include="PartialFileDevice.h">
      <Filter>Header Files\Devices</Filter>
    </ClInclude>
    <ClInclude Include="NaoArchiveEntity.h">
      <Filter>Header Files\Entities</Filter>
    </ClInclude>
    <ClInclude Include="CPKArchiveEntity.h">
      <Filter>Header Files\Entities\CPK</Filter>
    </ClInclude>
    <ClInclude Include="CPKDirectoryEntity.h">
      <Filter>Header Files\Entities\CPK</Filter>
    </ClInclude>
    <ClInclude Include="CPKFileEntity.h">
      <Filter>Header Files\Entities\CPK</Filter>
    </ClInclude>
    <ClInclude Include="DirectoryEntity.h">
      <Filter>Header Files\Entities\Filesystem</Filter>
    </ClInclude>
    <ClInclude Include="DiskFileEntity.h">
      <Filter>Header Files\Entities\Filesystem</Filter>
    </ClInclude>
    <ClInclude Include="DATArchiveEntity.h">
      <Filter>Header Files</Filter>
    </ClInclude>
  </ItemGroup>
  <ItemGroup>
    <QtRcc Include="NaoQt.qrc">
      <Filter>Resource Files</Filter>
    </QtRcc>
  </ItemGroup>
</Project>